{
    "markbaker/complex": {
        "version": "1.4.7"
    },
    "markbaker/matrix": {
        "version": "1.2.0"
    },
    "php": {
        "version": "7.3"
    },
    "phpoffice/phpspreadsheet": {
        "version": "1.10.1"
    },
    "psr/simple-cache": {
        "version": "1.0.1"
    },
    "symfony/flex": {
        "version": "1.0",
        "recipe": {
            "repo": "github.com/symfony/recipes",
            "branch": "master",
            "version": "1.0",
            "ref": "19fa03bacd9a6619583d1e4939da4388df22984d"
        },
        "files": [
            "./.env"
        ]
    },
    "symfony/yaml": {
        "version": "v5.0.1"
    }
}
